// !$*UTF8*$!
{
	archiveVersion = 1;
	classes = {
	};
	objectVersion = 46;
	objects = {

/* Begin PBXBuildFile section */
		EB12C2091E5C3BBF00564DE6 /* main.m in Sources */ = {isa = PBXBuildFile; fileRef = EB12C2081E5C3BBF00564DE6 /* main.m */; };
		EB12C20C1E5C3BBF00564DE6 /* AppDelegate.m in Sources */ = {isa = PBXBuildFile; fileRef = EB12C20B1E5C3BBF00564DE6 /* AppDelegate.m */; };
		EB12C20F1E5C3BBF00564DE6 /* RootViewController.m in Sources */ = {isa = PBXBuildFile; fileRef = EB12C20E1E5C3BBF00564DE6 /* RootViewController.m */; };
		EB12C2121E5C3BBF00564DE6 /* DataViewController.m in Sources */ = {isa = PBXBuildFile; fileRef = EB12C2111E5C3BBF00564DE6 /* DataViewController.m */; };
		EB12C2151E5C3BBF00564DE6 /* ModelController.m in Sources */ = {isa = PBXBuildFile; fileRef = EB12C2141E5C3BBF00564DE6 /* ModelController.m */; };
		EB12C2181E5C3BBF00564DE6 /* Main.storyboard in Resources */ = {isa = PBXBuildFile; fileRef = EB12C2161E5C3BBF00564DE6 /* Main.storyboard */; };
		EB12C21A1E5C3BBF00564DE6 /* Assets.xcassets in Resources */ = {isa = PBXBuildFile; fileRef = EB12C2191E5C3BBF00564DE6 /* Assets.xcassets */; };
		EB12C21D1E5C3BBF00564DE6 /* LaunchScreen.storyboard in Resources */ = {isa = PBXBuildFile; fileRef = EB12C21B1E5C3BBF00564DE6 /* LaunchScreen.storyboard */; };
/* End PBXBuildFile section */

/* Begin PBXFileReference section */
		EB12C2041E5C3BBF00564DE6 /* LhProjectFramework.app */ = {isa = PBXFileReference; explicitFileType = wrapper.application; includeInIndex = 0; path = LhProjectFramework.app; sourceTree = BUILT_PRODUCTS_DIR; };
		EB12C2081E5C3BBF00564DE6 /* main.m */ = {isa = PBXFileReference; lastKnownFileType = sourcecode.c.objc; path = main.m; sourceTree = "<group>"; };
		EB12C20A1E5C3BBF00564DE6 /* AppDelegate.h */ = {isa = PBXFileReference; lastKnownFileType = sourcecode.c.h; path = AppDelegate.h; sourceTree = "<group>"; };
		EB12C20B1E5C3BBF00564DE6 /* AppDelegate.m */ = {isa = PBXFileReference; lastKnownFileType = sourcecode.c.objc; path = AppDelegate.m; sourceTree = "<group>"; };
		EB12C20D1E5C3BBF00564DE6 /* RootViewController.h */ = {isa = PBXFileReference; lastKnownFileType = sourcecode.c.h; path = RootViewController.h; sourceTree = "<group>"; };
		EB12C20E1E5C3BBF00564DE6 /* RootViewController.m */ = {isa = PBXFileReference; lastKnownFileType = sourcecode.c.objc; path = RootViewController.m; sourceTree = "<group>"; };
		EB12C2101E5C3BBF00564DE6 /* DataViewController.h */ = {isa = PBXFileReference; lastKnownFileType = sourcecode.c.h; path = DataViewController.h; sourceTree = "<group>"; };
		EB12C2111E5C3BBF00564DE6 /* DataViewController.m */ = {isa = PBXFileReference; lastKnownFileType = sourcecode.c.objc; path = DataViewController.m; sourceTree = "<group>"; };
		EB12C2131E5C3BBF00564DE6 /* ModelController.h */ = {isa = PBXFileReference; lastKnownFileType = sourcecode.c.h; path = ModelController.h; sourceTree = "<group>"; };
		EB12C2141E5C3BBF00564DE6 /* ModelController.m */ = {isa = PBXFileReference; lastKnownFileType = sourcecode.c.objc; path = ModelController.m; sourceTree = "<group>"; };
		EB12C2171E5C3BBF00564DE6 /* Base */ = {isa = PBXFileReference; lastKnownFileType = file.storyboard; name = Base; path = Base.lproj/Main.storyboard; sourceTree = "<group>"; };
		EB12C2191E5C3BBF00564DE6 /* Assets.xcassets */ = {isa = PBXFileReference; lastKnownFileType = folder.assetcatalog; path = Assets.xcassets; sourceTree = "<group>"; };
		EB12C21C1E5C3BBF00564DE6 /* Base */ = {isa = PBXFileReference; lastKnownFileType = file.storyboard; name = Base; path = Base.lproj/LaunchScreen.storyboard; sourceTree = "<group>"; };
		EB12C21E1E5C3BBF00564DE6 /* Info.plist */ = {isa = PBXFileReference; lastKnownFileType = text.plist.xml; path = Info.plist; sourceTree = "<group>"; };
/* End PBXFileReference section */

/* Begin PBXFrameworksBuildPhase section */
		EB12C2011E5C3BBF00564DE6 /* Frameworks */ = {
			isa = PBXFrameworksBuildPhase;
			buildActionMask = 2147483647;
			files = (
			);
			runOnlyForDeploymentPostprocessing = 0;
		};
/* End PBXFrameworksBuildPhase section */

/* Begin PBXGroup section */
		EB12C1FB1E5C3BBF00564DE6 = {
			isa = PBXGroup;
			children = (
				EB12C2061E5C3BBF00564DE6 /* LhProjectFramework */,
				EB12C2051E5C3BBF00564DE6 /* Products */,
			);
			sourceTree = "<group>";
		};
		EB12C2051E5C3BBF00564DE6 /* Products */ = {
			isa = PBXGroup;
			children = (
				EB12C2041E5C3BBF00564DE6 /* LhProjectFramework.app */,
			);
			name = Products;
			sourceTree = "<group>";
		};
		EB12C2061E5C3BBF00564DE6 /* LhProjectFramework */ = {
			isa = PBXGroup;
			children = (
				EB12C20A1E5C3BBF00564DE6 /* AppDelegate.h */,
				EB12C20B1E5C3BBF00564DE6 /* AppDelegate.m */,
				EB12C20D1E5C3BBF00564DE6 /* RootViewController.h */,
				EB12C20E1E5C3BBF00564DE6 /* RootViewController.m */,
				EB12C2101E5C3BBF00564DE6 /* DataViewController.h */,
				EB12C2111E5C3BBF00564DE6 /* DataViewController.m */,
				EB12C2131E5C3BBF00564DE6 /* ModelController.h */,
				EB12C2141E5C3BBF00564DE6 /* ModelController.m */,
				EB12C2161E5C3BBF00564DE6 /* Main.storyboard */,
				EB12C2191E5C3BBF00564DE6 /* Assets.xcassets */,
				EB12C21B1E5C3BBF00564DE6 /* LaunchScreen.storyboard */,
				EB12C21E1E5C3BBF00564DE6 /* Info.plist */,
				EB12C2071E5C3BBF00564DE6 /* Supporting Files */,
			);
			path = LhProjectFramework;
			sourceTree = "<group>";
		};
		EB12C2071E5C3BBF00564DE6 /* Supporting Files */ = {
			isa = PBXGroup;
			children = (
				EB12C2081E5C3BBF00564DE6 /* main.m */,
			);
			name = "Supporting Files";
			sourceTree = "<group>";
		};
/* End PBXGroup section */

/* Begin PBXNativeTarget section */
		EB12C2031E5C3BBF00564DE6 /* LhProjectFramework */ = {
			isa = PBXNativeTarget;
			buildConfigurationList = EB12C2211E5C3BBF00564DE6 /* Build configuration list for PBXNativeTarget "LhProjectFramework" */;
			buildPhases = (
				EB12C2001E5C3BBF00564DE6 /* Sources */,
				EB12C2011E5C3BBF00564DE6 /* Frameworks */,
				EB12C2021E5C3BBF00564DE6 /* Resources */,
			);
			buildRules = (
			);
			dependencies = (
			);
			name = LhProjectFramework;
			productName = LhProjectFramework;
			productReference = EB12C2041E5C3BBF00564DE6 /* LhProjectFramework.app */;
			productType = "com.apple.product-type.application";
		};
/* End PBXNativeTarget section */

/* Begin PBXProject section */
		EB12C1FC1E5C3BBF00564DE6 /* Project object */ = {
			isa = PBXProject;
			attributes = {
				LastUpgradeCheck = 0820;
				ORGANIZATIONNAME = LH;
				TargetAttributes = {
					EB12C2031E5C3BBF00564DE6 = {
						CreatedOnToolsVersion = 8.2.1;
						DevelopmentTeam = KN53KWRMZ5;
						ProvisioningStyle = Automatic;
					};
				};
			};
			buildConfigurationList = EB12C1FF1E5C3BBF00564DE6 /* Build configuration list for PBXProject "LhProjectFramework" */;
			compatibilityVersion = "Xcode 3.2";
			developmentRegion = English;
			hasScannedForEncodings = 0;
			knownRegions = (
				en,
				Base,
			);
			mainGroup = EB12C1FB1E5C3BBF00564DE6;
			productRefGroup = EB12C2051E5C3BBF00564DE6 /* Products */;
			projectDirPath = "";
			projectRoot = "";
			targets = (
				EB12C2031E5C3BBF00564DE6 /* LhProjectFramework */,
			);
		};
/* End PBXProject section */

/* Begin PBXResourcesBuildPhase section */
		EB12C2021E5C3BBF00564DE6 /* Resources */ = {
			isa = PBXResourcesBuildPhase;
			buildActionMask = 2147483647;
			files = (
				EB12C21D1E5C3BBF00564DE6 /* LaunchScreen.storyboard in Resources */,
				EB12C21A1E5C3BBF00564DE6 /* Assets.xcassets in Resources */,
				EB12C2181E5C3BBF00564DE6 /* Main.storyboard in Resources */,
			);
			runOnlyForDeploymentPostprocessing = 0;
		};
/* End PBXResourcesBuildPhase section */

/* Begin PBXSourcesBuildPhase section */
		EB12C2001E5C3BBF00564DE6 /* Sources */ = {
			isa = PBXSourcesBuildPhase;
			buildActionMask = 2147483647;
			files = (
				EB12C2121E5C3BBF00564DE6 /* DataViewController.m in Sources */,
				EB12C20C1E5C3BBF00564DE6 /* AppDelegate.m in Sources */,
				EB12C2151E5C3BBF00564DE6 /* ModelController.m in Sources */,
				EB12C2091E5C3BBF00564DE6 /* main.m in Sources */,
				EB12C20F1E5C3BBF00564DE6 /* RootViewController.m in Sources */,
			);
			runOnlyForDeploymentPostprocessing = 0;
		};
/* End PBXSourcesBuildPhase section */

/* Begin PBXVariantGroup section */
		EB12C2161E5C3BBF00564DE6 /* Main.storyboard */ = {
			isa = PBXVariantGroup;
			children = (
				EB12C2171E5C3BBF00564DE6 /* Base */,
			);
			name = Main.storyboard;
			sourceTree = "<group>";
		};
		EB12C21B1E5C3BBF00564DE6 /* LaunchScreen.storyboard */ = {
			isa = PBXVariantGroup;
			children = (
				EB12C21C1E5C3BBF00564DE6 /* Base */,
			);
			name = LaunchScreen.storyboard;
			sourceTree = "<group>";
		};
/* End PBXVariantGroup section */

/* Begin XCBuildConfiguration section */
		EB12C21F1E5C3BBF00564DE6 /* Debug */ = {
			isa = XCBuildConfiguration;
			buildSettings = {
				ALWAYS_SEARCH_USER_PATHS = NO;
				CLANG_ANALYZER_NONNULL = YES;
				CLANG_CXX_LANGUAGE_STANDARD = "gnu++0x";
				CLANG_CXX_LIBRARY = "libc++";
				CLANG_ENABLE_MODULES = YES;
				CLANG_ENABLE_OBJC_ARC = YES;
				CLANG_WARN_BOOL_CONVERSION = YES;
				CLANG_WARN_CONSTANT_CONVERSION = YES;
				CLANG_WARN_DIRECT_OBJC_ISA_USAGE = YES_ERROR;
				CLANG_WARN_DOCUMENTATION_COMMENTS = YES;
				CLANG_WARN_EMPTY_BODY = YES;
				CLANG_WARN_ENUM_CONVERSION = YES;
				CLANG_WARN_INFINITE_RECURSION = YES;
				CLANG_WARN_INT_CONVERSION = YES;
				CLANG_WARN_OBJC_ROOT_CLASS = YES_ERROR;
				CLANG_WARN_SUSPICIOUS_MOVE = YES;
				CLANG_WARN_UNREACHABLE_CODE = YES;
				CLANG_WARN__DUPLICATE_METHOD_MATCH = YES;
				"CODE_SIGN_IDENTITY[sdk=iphoneos*]" = "iPhone Developer";
				COPY_PHASE_STRIP = NO;
				DEBUG_INFORMATION_FORMAT = dwarf;
				ENABLE_STRICT_OBJC_MSGSEND = YES;
				ENABLE_TESTABILITY = YES;
				GCC_C_LANGUAGE_STANDARD = gnu99;
				GCC_DYNAMIC_NO_PIC = NO;
				GCC_NO_COMMON_BLOCKS = YES;
				GCC_OPTIMIZATION_LEVEL = 0;
				GCC_PREPROCESSOR_DEFINITIONS = (
					"DEBUG=1",
					"$(inherited)",
				);
				GCC_WARN_64_TO_32_BIT_CONVERSION = YES;
				GCC_WARN_ABOUT_RETURN_TYPE = YES_ERROR;
				GCC_WARN_UNDECLARED_SELECTOR = YES;
				GCC_WARN_UNINITIALIZED_AUTOS = YES_AGGRESSIVE;
				GCC_WARN_UNUSED_FUNCTION = YES;
				GCC_WARN_UNUSED_VARIABLE = YES;
				IPHONEOS_DEPLOYMENT_TARGET = 8.0;
				MTL_ENABLE_DEBUG_INFO = YES;
				ONLY_ACTIVE_ARCH = YES;
				SDKROOT = iphoneos;
				TARGETED_DEVICE_FAMILY = "1,2";
			};
			name = Debug;
		};
		EB12C2201E5C3BBF00564DE6 /* Release */ = {
			isa = XCBuildConfiguration;
			buildSettings = {
				ALWAYS_SEARCH_USER_PATHS = NO;
				CLANG_ANALYZER_NONNULL = YES;
				CLANG_CXX_LANGUAGE_STANDARD = "gnu++0x";
				CLANG_CXX_LIBRARY = "libc++";
				CLANG_ENABLE_MODULES = YES;
				CLANG_ENABLE_OBJC_ARC = YES;
				CLANG_WARN_BOOL_CONVERSION = YES;
				CLANG_WARN_CONSTANT_CONVERSION = YES;
				CLANG_WARN_DIRECT_OBJC_ISA_USAGE = YES_ERROR;
				CLANG_WARN_DOCUMENTATION_COMMENTS = YES;
				CLANG_WARN_EMPTY_BODY = YES;
				CLANG_WARN_ENUM_CONVERSION = YES;
				CLANG_WARN_INFINITE_RECURSION = YES;
				CLANG_WARN_INT_CONVERSION = YES;
				CLANG_WARN_OBJC_ROOT_CLASS = YES_ERROR;
				CLANG_WARN_SUSPICIOUS_MOVE = YES;
				CLANG_WARN_UNREACHABLE_CODE = YES;
				CLANG_WARN__DUPLICATE_METHOD_MATCH = YES;
				"CODE_SIGN_IDENTITY[sdk=iphoneos*]" = "iPhone Developer";
				COPY_PHASE_STRIP = NO;
				DEBUG_INFORMATION_FORMAT = "dwarf-with-dsym";
				ENABLE_NS_ASSERTIONS = NO;
				ENABLE_STRICT_OBJC_MSGSEND = YES;
				GCC_C_LANGUAGE_STANDARD = gnu99;
				GCC_NO_COMMON_BLOCKS = YES;
				GCC_WARN_64_TO_32_BIT_CONVERSION = YES;
				GCC_WARN_ABOUT_RETURN_TYPE = YES_ERROR;
				GCC_WARN_UNDECLARED_SELECTOR = YES;
				GCC_WARN_UNINITIALIZED_AUTOS = YES_AGGRESSIVE;
				GCC_WARN_UNUSED_FUNCTION = YES;
				GCC_WARN_UNUSED_VARIABLE = YES;
				IPHONEOS_DEPLOYMENT_TARGET = 8.0;
				MTL_ENABLE_DEBUG_INFO = NO;
				SDKROOT = iphoneos;
				TARGETED_DEVICE_FAMILY = "1,2";
				VALIDATE_PRODUCT = YES;
			};
			name = Release;
		};
		EB12C2221E5C3BBF00564DE6 /* Debug */ = {
			isa = XCBuildConfiguration;
			buildSettings = {
				ASSETCATALOG_COMPILER_APPICON_NAME = AppIcon;
				DEVELOPMENT_TEAM = KN53KWRMZ5;
				INFOPLIST_FILE = LhProjectFramework/Info.plist;
				IPHONEOS_DEPLOYMENT_TARGET = 8.0;
				LD_RUNPATH_SEARCH_PATHS = "$(inherited) @executable_path/Frameworks";
				PRODUCT_BUNDLE_IDENTIFIER = LH.LhProjectFramework;
				PRODUCT_NAME = "$(TARGET_NAME)";
			};
			name = Debug;
		};
		EB12C2231E5C3BBF00564DE6 /* Release */ = {
			isa = XCBuildConfiguration;
			buildSettings = {
				ASSETCATALOG_COMPILER_APPICON_NAME = AppIcon;
				DEVELOPMENT_TEAM = KN53KWRMZ5;
				INFOPLIST_FILE = LhProjectFramework/Info.plist;
				IPHONEOS_DEPLOYMENT_TARGET = 8.0;
				LD_RUNPATH_SEARCH_PATHS = "$(inherited) @executable_path/Frameworks";
				PRODUCT_BUNDLE_IDENTIFIER = LH.LhProjectFramework;
				PRODUCT_NAME = "$(TARGET_NAME)";
			};
			name = Release;
		};
/* End XCBuildConfiguration section */

/* Begin XCConfigurationList section */
		EB12C1FF1E5C3BBF00564DE6 /* Build configuration list for PBXProject "LhProjectFramework" */ = {
			isa = XCConfigurationList;
			buildConfigurations = (
				EB12C21F1E5C3BBF00564DE6 /* Debug */,
				EB12C2201E5C3BBF00564DE6 /* Release */,
			);
			defaultConfigurationIsVisible = 0;
			defaultConfigurationName = Release;
		};
		EB12C2211E5C3BBF00564DE6 /* Build configuration list for PBXNativeTarget "LhProjectFramework" */ = {
			isa = XCConfigurationList;
			buildConfigurations = (
				EB12C2221E5C3BBF00564DE6 /* Debug */,
				EB12C2231E5C3BBF00564DE6 /* Release */,
			);
			defaultConfigurationIsVisible = 0;
		};
/* End XCConfigurationList section */
	};
	rootObject = EB12C1FC1E5C3BBF00564DE6 /* Project object */;
}
